
Microsoft Visual Studio Solution File, Format Version 12.00
# Visual Studio 2012
Project("{FAE04EC0-301F-11D3-BF4B-00C04F79EFBC}") = "Labo.ScheduledTasks.Core", "Labo.ScheduledTasks.Core\Labo.ScheduledTasks.Core.csproj", "{33360828-32AD-4154-8457-58DF82224EE7}"
EndProject
Project("{FAE04EC0-301F-11D3-BF4B-00C04F79EFBC}") = "Labo.ScheduledTasks.Core.Data", "Labo.ScheduledTasks.Core.Data\Labo.ScheduledTasks.Core.Data.csproj", "{8B58F070-DFAF-4C0D-ACB3-86EFAE9E99C2}"
EndProject
Project("{FAE04EC0-301F-11D3-BF4B-00C04F79EFBC}") = "Labo.ScheduledTasks.Core.Tests", "Labo.ScheduledTasks.Core.Tests\Labo.ScheduledTasks.Core.Tests.csproj", "{A72B88B9-F955-4D3D-9C45-DF2ED0D2494D}"
EndProject
Global
	GlobalSection(SolutionConfigurationPlatforms) = preSolution
		Debug|Any CPU = Debug|Any CPU
		Release|Any CPU = Release|Any CPU
	EndGlobalSection
	GlobalSection(ProjectConfigurationPlatforms) = postSolution
		{33360828-32AD-4154-8457-58DF82224EE7}.Debug|Any CPU.ActiveCfg = Debug|Any CPU
		{33360828-32AD-4154-8457-58DF82224EE7}.Debug|Any CPU.Build.0 = Debug|Any CPU
		{33360828-32AD-4154-8457-58DF82224EE7}.Release|Any CPU.ActiveCfg = Release|Any CPU
		{33360828-32AD-4154-8457-58DF82224EE7}.Release|Any CPU.Build.0 = Release|Any CPU
		{8B58F070-DFAF-4C0D-ACB3-86EFAE9E99C2}.Debug|Any CPU.ActiveCfg = Debug|Any CPU
		{8B58F070-DFAF-4C0D-ACB3-86EFAE9E99C2}.Debug|Any CPU.Build.0 = Debug|Any CPU
		{8B58F070-DFAF-4C0D-ACB3-86EFAE9E99C2}.Release|Any CPU.ActiveCfg = Release|Any CPU
		{8B58F070-DFAF-4C0D-ACB3-86EFAE9E99C2}.Release|Any CPU.Build.0 = Release|Any CPU
		{A72B88B9-F955-4D3D-9C45-DF2ED0D2494D}.Debug|Any CPU.ActiveCfg = Debug|Any CPU
		{A72B88B9-F955-4D3D-9C45-DF2ED0D2494D}.Debug|Any CPU.Build.0 = Debug|Any CPU
		{A72B88B9-F955-4D3D-9C45-DF2ED0D2494D}.Release|Any CPU.ActiveCfg = Release|Any CPU
		{A72B88B9-F955-4D3D-9C45-DF2ED0D2494D}.Release|Any CPU.Build.0 = Release|Any CPU
	EndGlobalSection
	GlobalSection(SolutionProperties) = preSolution
		HideSolutionNode = FALSE
	EndGlobalSection
EndGlobal
